
Microsoft Visual Studio Solution File, Format Version 12.00
# Visual Studio Version 17
VisualStudioVersion = 17.6.33723.286
MinimumVisualStudioVersion = 10.0.40219.1
Project("{FAE04EC0-301F-11D3-BF4B-00C04F79EFBC}") = "hajm mokaab", "hajm mokaab.csproj", "{0154391C-B628-437E-B806-9DE97D728A04}"
EndProject
Global
	GlobalSection(SolutionConfigurationPlatforms) = preSolution
		Debug|Any CPU = Debug|Any CPU
		Release|Any CPU = Release|Any CPU
	EndGlobalSection
	GlobalSection(ProjectConfigurationPlatforms) = postSolution
		{0154391C-B628-437E-B806-9DE97D728A04}.Debug|Any CPU.ActiveCfg = Debug|Any CPU
		{0154391C-B628-437E-B806-9DE97D728A04}.Debug|Any CPU.Build.0 = Debug|Any CPU
		{0154391C-B628-437E-B806-9DE97D728A04}.Release|Any CPU.ActiveCfg = Release|Any CPU
		{0154391C-B628-437E-B806-9DE97D728A04}.Release|Any CPU.Build.0 = Release|Any CPU
	EndGlobalSection
	GlobalSection(SolutionProperties) = preSolution
		HideSolutionNode = FALSE
	EndGlobalSection
	GlobalSection(ExtensibilityGlobals) = postSolution
		SolutionGuid = {D8CAF0CD-081B-412F-828C-394CEF700EC2}
	EndGlobalSection
EndGlobal
